
Microsoft Visual Studio Solution File, Format Version 12.00
# Visual Studio Version 16
VisualStudioVersion = 16.0.31515.178
MinimumVisualStudioVersion = 10.0.40219.1
Project("{FAE04EC0-301F-11D3-BF4B-00C04F79EFBC}") = "MockLabTest", "MockLabTest.csproj", "{A1F0CAA6-BA36-4F08-B156-083CE5C7894E}"
EndProject
Global
	GlobalSection(SolutionConfigurationPlatforms) = preSolution
		Debug|Any CPU = Debug|Any CPU
		Release|Any CPU = Release|Any CPU
	EndGlobalSection
	GlobalSection(ProjectConfigurationPlatforms) = postSolution
		{A1F0CAA6-BA36-4F08-B156-083CE5C7894E}.Debug|Any CPU.ActiveCfg = Debug|Any CPU
		{A1F0CAA6-BA36-4F08-B156-083CE5C7894E}.Debug|Any CPU.Build.0 = Debug|Any CPU
		{A1F0CAA6-BA36-4F08-B156-083CE5C7894E}.Release|Any CPU.ActiveCfg = Release|Any CPU
		{A1F0CAA6-BA36-4F08-B156-083CE5C7894E}.Release|Any CPU.Build.0 = Release|Any CPU
	EndGlobalSection
	GlobalSection(SolutionProperties) = preSolution
		HideSolutionNode = FALSE
	EndGlobalSection
	GlobalSection(ExtensibilityGlobals) = postSolution
		SolutionGuid = {C65A0146-4F1F-4071-8103-0FC077371F85}
	EndGlobalSection
EndGlobal
